// !$*UTF8*$!
{
	archiveVersion = 1;
	classes = {
	};
	objectVersion = 50;
	objects = {

/* Begin PBXBuildFile section */
		1A0F350D263FF7BD0044D56C /* PokemonDetailViewControllerTests.swift in Sources */ = {isa = PBXBuildFile; fileRef = 1A0F350C263FF7BD0044D56C /* PokemonDetailViewControllerTests.swift */; };
		1A13E35D2641E5F900F76156 /* URL+extensions.swift in Sources */ = {isa = PBXBuildFile; fileRef = 1A13E35C2641E5F900F76156 /* URL+extensions.swift */; };
		1A49959A263F522F00B9C258 /* PokemoServiceTests.swift in Sources */ = {isa = PBXBuildFile; fileRef = 1A499599263F522F00B9C258 /* PokemoServiceTests.swift */; };
		1A612244263D86C4002AC34E /* AppDelegate.swift in Sources */ = {isa = PBXBuildFile; fileRef = 1A612243263D86C4002AC34E /* AppDelegate.swift */; };
		1A612246263D86C4002AC34E /* SceneDelegate.swift in Sources */ = {isa = PBXBuildFile; fileRef = 1A612245263D86C4002AC34E /* SceneDelegate.swift */; };
		1A612248263D86C4002AC34E /* PokemonListViewController.swift in Sources */ = {isa = PBXBuildFile; fileRef = 1A612247263D86C4002AC34E /* PokemonListViewController.swift */; };
		1A61224E263D86C4002AC34E /* Pokedex.xcdatamodeld in Sources */ = {isa = PBXBuildFile; fileRef = 1A61224C263D86C4002AC34E /* Pokedex.xcdatamodeld */; };
		1A612250263D86C6002AC34E /* Assets.xcassets in Resources */ = {isa = PBXBuildFile; fileRef = 1A61224F263D86C6002AC34E /* Assets.xcassets */; };
		1A612253263D86C6002AC34E /* LaunchScreen.storyboard in Resources */ = {isa = PBXBuildFile; fileRef = 1A612251263D86C6002AC34E /* LaunchScreen.storyboard */; };
		1A61227F263D8874002AC34E /* PokemonDetails.swift in Sources */ = {isa = PBXBuildFile; fileRef = 1A61227C263D8874002AC34E /* PokemonDetails.swift */; };
		1A612280263D8874002AC34E /* Pokemon.swift in Sources */ = {isa = PBXBuildFile; fileRef = 1A61227D263D8874002AC34E /* Pokemon.swift */; };
		1A612281263D8874002AC34E /* Pokedex.swift in Sources */ = {isa = PBXBuildFile; fileRef = 1A61227E263D8874002AC34E /* Pokedex.swift */; };
		1A612288263D891E002AC34E /* PokemonService.swift in Sources */ = {isa = PBXBuildFile; fileRef = 1A612286263D891E002AC34E /* PokemonService.swift */; };
		1A612289263D891E002AC34E /* PokemonError.swift in Sources */ = {isa = PBXBuildFile; fileRef = 1A612287263D891E002AC34E /* PokemonError.swift */; };
		1A612294263D8D15002AC34E /* PokemonListViewModel.swift in Sources */ = {isa = PBXBuildFile; fileRef = 1A612293263D8D15002AC34E /* PokemonListViewModel.swift */; };
		1A612297263D904E002AC34E /* UIView+extension.swift in Sources */ = {isa = PBXBuildFile; fileRef = 1A612296263D904E002AC34E /* UIView+extension.swift */; };
		1A61229B263D95F7002AC34E /* UIColor+extensions.swift in Sources */ = {isa = PBXBuildFile; fileRef = 1A61229A263D95F7002AC34E /* UIColor+extensions.swift */; };
		1A61229E263D963B002AC34E /* PokemonTableViewCell.swift in Sources */ = {isa = PBXBuildFile; fileRef = 1A61229D263D963B002AC34E /* PokemonTableViewCell.swift */; };
		1A6122A0263DA793002AC34E /* String+extensions.swift in Sources */ = {isa = PBXBuildFile; fileRef = 1A61229F263DA793002AC34E /* String+extensions.swift */; };
		1A6122A2263DBAFA002AC34E /* PokemonDetailViewController.swift in Sources */ = {isa = PBXBuildFile; fileRef = 1A6122A1263DBAFA002AC34E /* PokemonDetailViewController.swift */; };
		1A6122A5263DC8B2002AC34E /* CoreDataController.swift in Sources */ = {isa = PBXBuildFile; fileRef = 1A6122A4263DC8B2002AC34E /* CoreDataController.swift */; };
		1A6122AF263DCE99002AC34E /* Log.swift in Sources */ = {isa = PBXBuildFile; fileRef = 1A6122AE263DCE99002AC34E /* Log.swift */; };
		1A6122B1263DE8BE002AC34E /* PokemonViewModel.swift in Sources */ = {isa = PBXBuildFile; fileRef = 1A6122B0263DE8BE002AC34E /* PokemonViewModel.swift */; };
		1A6122B5263DEFEC002AC34E /* UIAlertViewController+extensions.swift in Sources */ = {isa = PBXBuildFile; fileRef = 1A6122B4263DEFEC002AC34E /* UIAlertViewController+extensions.swift */; };
		1A6122B7263DF045002AC34E /* UIApplication+extensions.swift in Sources */ = {isa = PBXBuildFile; fileRef = 1A6122B6263DF045002AC34E /* UIApplication+extensions.swift */; };
		1A6387E8263F617E00D9A195 /* PokemonListViewControllerTests.swift in Sources */ = {isa = PBXBuildFile; fileRef = 1A6387E7263F617D00D9A195 /* PokemonListViewControllerTests.swift */; };
		1A6387EA263F632100D9A195 /* PokemonViewModelTests.swift in Sources */ = {isa = PBXBuildFile; fileRef = 1A6387E9263F632100D9A195 /* PokemonViewModelTests.swift */; };
		1A96F12926414D0A004BDE0B /* PokemonListViewModelTests.swift in Sources */ = {isa = PBXBuildFile; fileRef = 1A96F12826414D0A004BDE0B /* PokemonListViewModelTests.swift */; };
		1AC9471D263EFD9F00CFC0AA /* InternetConnectionManager.swift in Sources */ = {isa = PBXBuildFile; fileRef = 1AC9471C263EFD9F00CFC0AA /* InternetConnectionManager.swift */; };
		1AF679EC26474B3C00DA82A8 /* UITableViewCell+extensions.swift in Sources */ = {isa = PBXBuildFile; fileRef = 1AF679EB26474B3C00DA82A8 /* UITableViewCell+extensions.swift */; };
/* End PBXBuildFile section */

/* Begin PBXContainerItemProxy section */
		1A61225A263D86C6002AC34E /* PBXContainerItemProxy */ = {
			isa = PBXContainerItemProxy;
			containerPortal = 1A612238263D86C4002AC34E /* Project object */;
			proxyType = 1;
			remoteGlobalIDString = 1A61223F263D86C4002AC34E;
			remoteInfo = Pokedex;
		};
/* End PBXContainerItemProxy section */

/* Begin PBXFileReference section */
		1A0F350C263FF7BD0044D56C /* PokemonDetailViewControllerTests.swift */ = {isa = PBXFileReference; lastKnownFileType = sourcecode.swift; path = PokemonDetailViewControllerTests.swift; sourceTree = "<group>"; };
		1A13E35C2641E5F900F76156 /* URL+extensions.swift */ = {isa = PBXFileReference; lastKnownFileType = sourcecode.swift; path = "URL+extensions.swift"; sourceTree = "<group>"; };
		1A499599263F522F00B9C258 /* PokemoServiceTests.swift */ = {isa = PBXFileReference; lastKnownFileType = sourcecode.swift; path = PokemoServiceTests.swift; sourceTree = "<group>"; };
		1A612240263D86C4002AC34E /* Pokedex.app */ = {isa = PBXFileReference; explicitFileType = wrapper.application; includeInIndex = 0; path = Pokedex.app; sourceTree = BUILT_PRODUCTS_DIR; };
		1A612243263D86C4002AC34E /* AppDelegate.swift */ = {isa = PBXFileReference; lastKnownFileType = sourcecode.swift; path = AppDelegate.swift; sourceTree = "<group>"; };
		1A612245263D86C4002AC34E /* SceneDelegate.swift */ = {isa = PBXFileReference; lastKnownFileType = sourcecode.swift; path = SceneDelegate.swift; sourceTree = "<group>"; };
		1A612247263D86C4002AC34E /* PokemonListViewController.swift */ = {isa = PBXFileReference; lastKnownFileType = sourcecode.swift; path = PokemonListViewController.swift; sourceTree = "<group>"; wrapsLines = 0; };
		1A61224D263D86C4002AC34E /* Pokedex.xcdatamodel */ = {isa = PBXFileReference; lastKnownFileType = wrapper.xcdatamodel; path = Pokedex.xcdatamodel; sourceTree = "<group>"; };
		1A61224F263D86C6002AC34E /* Assets.xcassets */ = {isa = PBXFileReference; lastKnownFileType = folder.assetcatalog; path = Assets.xcassets; sourceTree = "<group>"; };
		1A612252263D86C6002AC34E /* Base */ = {isa = PBXFileReference; lastKnownFileType = file.storyboard; name = Base; path = Base.lproj/LaunchScreen.storyboard; sourceTree = "<group>"; };
		1A612254263D86C6002AC34E /* Info.plist */ = {isa = PBXFileReference; lastKnownFileType = text.plist.xml; path = Info.plist; sourceTree = "<group>"; };
		1A612259263D86C6002AC34E /* PokedexTests.xctest */ = {isa = PBXFileReference; explicitFileType = wrapper.cfbundle; includeInIndex = 0; path = PokedexTests.xctest; sourceTree = BUILT_PRODUCTS_DIR; };
		1A61225F263D86C6002AC34E /* Info.plist */ = {isa = PBXFileReference; lastKnownFileType = text.plist.xml; path = Info.plist; sourceTree = "<group>"; };
		1A61227C263D8874002AC34E /* PokemonDetails.swift */ = {isa = PBXFileReference; fileEncoding = 4; lastKnownFileType = sourcecode.swift; path = PokemonDetails.swift; sourceTree = "<group>"; };
		1A61227D263D8874002AC34E /* Pokemon.swift */ = {isa = PBXFileReference; fileEncoding = 4; lastKnownFileType = sourcecode.swift; path = Pokemon.swift; sourceTree = "<group>"; };
		1A61227E263D8874002AC34E /* Pokedex.swift */ = {isa = PBXFileReference; fileEncoding = 4; lastKnownFileType = sourcecode.swift; path = Pokedex.swift; sourceTree = "<group>"; };
		1A612286263D891E002AC34E /* PokemonService.swift */ = {isa = PBXFileReference; fileEncoding = 4; lastKnownFileType = sourcecode.swift; path = PokemonService.swift; sourceTree = "<group>"; };
		1A612287263D891E002AC34E /* PokemonError.swift */ = {isa = PBXFileReference; fileEncoding = 4; lastKnownFileType = sourcecode.swift; path = PokemonError.swift; sourceTree = "<group>"; };
		1A612293263D8D15002AC34E /* PokemonListViewModel.swift */ = {isa = PBXFileReference; lastKnownFileType = sourcecode.swift; path = PokemonListViewModel.swift; sourceTree = "<group>"; };
		1A612296263D904E002AC34E /* UIView+extension.swift */ = {isa = PBXFileReference; lastKnownFileType = sourcecode.swift; path = "UIView+extension.swift"; sourceTree = "<group>"; };
		1A61229A263D95F7002AC34E /* UIColor+extensions.swift */ = {isa = PBXFileReference; lastKnownFileType = sourcecode.swift; path = "UIColor+extensions.swift"; sourceTree = "<group>"; };
		1A61229D263D963B002AC34E /* PokemonTableViewCell.swift */ = {isa = PBXFileReference; lastKnownFileType = sourcecode.swift; path = PokemonTableViewCell.swift; sourceTree = "<group>"; };
		1A61229F263DA793002AC34E /* String+extensions.swift */ = {isa = PBXFileReference; lastKnownFileType = sourcecode.swift; path = "String+extensions.swift"; sourceTree = "<group>"; };
		1A6122A1263DBAFA002AC34E /* PokemonDetailViewController.swift */ = {isa = PBXFileReference; lastKnownFileType = sourcecode.swift; path = PokemonDetailViewController.swift; sourceTree = "<group>"; };
		1A6122A4263DC8B2002AC34E /* CoreDataController.swift */ = {isa = PBXFileReference; lastKnownFileType = sourcecode.swift; path = CoreDataController.swift; sourceTree = "<group>"; };
		1A6122AE263DCE99002AC34E /* Log.swift */ = {isa = PBXFileReference; lastKnownFileType = sourcecode.swift; path = Log.swift; sourceTree = "<group>"; };
		1A6122B0263DE8BE002AC34E /* PokemonViewModel.swift */ = {isa = PBXFileReference; lastKnownFileType = sourcecode.swift; path = PokemonViewModel.swift; sourceTree = "<group>"; };
		1A6122B4263DEFEC002AC34E /* UIAlertViewController+extensions.swift */ = {isa = PBXFileReference; lastKnownFileType = sourcecode.swift; path = "UIAlertViewController+extensions.swift"; sourceTree = "<group>"; };
		1A6122B6263DF045002AC34E /* UIApplication+extensions.swift */ = {isa = PBXFileReference; lastKnownFileType = sourcecode.swift; path = "UIApplication+extensions.swift"; sourceTree = "<group>"; };
		1A6387E7263F617D00D9A195 /* PokemonListViewControllerTests.swift */ = {isa = PBXFileReference; lastKnownFileType = sourcecode.swift; path = PokemonListViewControllerTests.swift; sourceTree = "<group>"; };
		1A6387E9263F632100D9A195 /* PokemonViewModelTests.swift */ = {isa = PBXFileReference; lastKnownFileType = sourcecode.swift; path = PokemonViewModelTests.swift; sourceTree = "<group>"; };
		1A96F12826414D0A004BDE0B /* PokemonListViewModelTests.swift */ = {isa = PBXFileReference; lastKnownFileType = sourcecode.swift; path = PokemonListViewModelTests.swift; sourceTree = "<group>"; };
		1AC9471C263EFD9F00CFC0AA /* InternetConnectionManager.swift */ = {isa = PBXFileReference; lastKnownFileType = sourcecode.swift; path = InternetConnectionManager.swift; sourceTree = "<group>"; };
		1AF679EB26474B3C00DA82A8 /* UITableViewCell+extensions.swift */ = {isa = PBXFileReference; fileEncoding = 4; lastKnownFileType = sourcecode.swift; path = "UITableViewCell+extensions.swift"; sourceTree = "<group>"; };
/* End PBXFileReference section */

/* Begin PBXFrameworksBuildPhase section */
		1A61223D263D86C4002AC34E /* Frameworks */ = {
			isa = PBXFrameworksBuildPhase;
			buildActionMask = 2147483647;
			files = (
			);
			runOnlyForDeploymentPostprocessing = 0;
		};
		1A612256263D86C6002AC34E /* Frameworks */ = {
			isa = PBXFrameworksBuildPhase;
			buildActionMask = 2147483647;
			files = (
			);
			runOnlyForDeploymentPostprocessing = 0;
		};
/* End PBXFrameworksBuildPhase section */

/* Begin PBXGroup section */
		1A612237263D86C4002AC34E = {
			isa = PBXGroup;
			children = (
				1A612242263D86C4002AC34E /* Pokedex */,
				1A61225C263D86C6002AC34E /* PokedexTests */,
				1A612241263D86C4002AC34E /* Products */,
			);
			sourceTree = "<group>";
		};
		1A612241263D86C4002AC34E /* Products */ = {
			isa = PBXGroup;
			children = (
				1A612240263D86C4002AC34E /* Pokedex.app */,
				1A612259263D86C6002AC34E /* PokedexTests.xctest */,
			);
			name = Products;
			sourceTree = "<group>";
		};
		1A612242263D86C4002AC34E /* Pokedex */ = {
			isa = PBXGroup;
			children = (
				1A6122A3263DC654002AC34E /* CoreData */,
				1A612298263D95C1002AC34E /* Utils */,
				1A61228A263D8949002AC34E /* View */,
				1A61228B263D894D002AC34E /* ViewModel */,
				1A61227B263D8874002AC34E /* Model */,
				1A612285263D891E002AC34E /* Service */,
				1A612243263D86C4002AC34E /* AppDelegate.swift */,
				1A612245263D86C4002AC34E /* SceneDelegate.swift */,
				1A61224C263D86C4002AC34E /* Pokedex.xcdatamodeld */,
				1A61224F263D86C6002AC34E /* Assets.xcassets */,
				1A612254263D86C6002AC34E /* Info.plist */,
				1A612251263D86C6002AC34E /* LaunchScreen.storyboard */,
			);
			path = Pokedex;
			sourceTree = "<group>";
		};
		1A61225C263D86C6002AC34E /* PokedexTests */ = {
			isa = PBXGroup;
			children = (
				1A6387E7263F617D00D9A195 /* PokemonListViewControllerTests.swift */,
				1A0F350C263FF7BD0044D56C /* PokemonDetailViewControllerTests.swift */,
				1A96F12826414D0A004BDE0B /* PokemonListViewModelTests.swift */,
				1A6387E9263F632100D9A195 /* PokemonViewModelTests.swift */,
				1A499599263F522F00B9C258 /* PokemoServiceTests.swift */,
				1A61225F263D86C6002AC34E /* Info.plist */,
			);
			path = PokedexTests;
			sourceTree = "<group>";
		};
		1A61227B263D8874002AC34E /* Model */ = {
			isa = PBXGroup;
			children = (
				1A61227E263D8874002AC34E /* Pokedex.swift */,
				1A61227D263D8874002AC34E /* Pokemon.swift */,
				1A61227C263D8874002AC34E /* PokemonDetails.swift */,
			);
			path = Model;
			sourceTree = "<group>";
		};
		1A612285263D891E002AC34E /* Service */ = {
			isa = PBXGroup;
			children = (
				1A612286263D891E002AC34E /* PokemonService.swift */,
				1A612287263D891E002AC34E /* PokemonError.swift */,
			);
			path = Service;
			sourceTree = "<group>";
		};
		1A61228A263D8949002AC34E /* View */ = {
			isa = PBXGroup;
			children = (
				1A61229C263D961F002AC34E /* Cells */,
				1A612247263D86C4002AC34E /* PokemonListViewController.swift */,
				1A6122A1263DBAFA002AC34E /* PokemonDetailViewController.swift */,
			);
			path = View;
			sourceTree = "<group>";
		};
		1A61228B263D894D002AC34E /* ViewModel */ = {
			isa = PBXGroup;
			children = (
				1A612293263D8D15002AC34E /* PokemonListViewModel.swift */,
				1A6122B0263DE8BE002AC34E /* PokemonViewModel.swift */,
			);
			path = ViewModel;
			sourceTree = "<group>";
		};
		1A612295263D9036002AC34E /* Extensions */ = {
			isa = PBXGroup;
			children = (
				1A612296263D904E002AC34E /* UIView+extension.swift */,
				1A61229A263D95F7002AC34E /* UIColor+extensions.swift */,
				1A61229F263DA793002AC34E /* String+extensions.swift */,
				1A6122B4263DEFEC002AC34E /* UIAlertViewController+extensions.swift */,
				1A6122B6263DF045002AC34E /* UIApplication+extensions.swift */,
				1A13E35C2641E5F900F76156 /* URL+extensions.swift */,
				1AF679EB26474B3C00DA82A8 /* UITableViewCell+extensions.swift */,
			);
			path = Extensions;
			sourceTree = "<group>";
		};
		1A612298263D95C1002AC34E /* Utils */ = {
			isa = PBXGroup;
			children = (
				1A612295263D9036002AC34E /* Extensions */,
				1A6122AE263DCE99002AC34E /* Log.swift */,
				1AC9471C263EFD9F00CFC0AA /* InternetConnectionManager.swift */,
			);
			path = Utils;
			sourceTree = "<group>";
		};
		1A61229C263D961F002AC34E /* Cells */ = {
			isa = PBXGroup;
			children = (
				1A61229D263D963B002AC34E /* PokemonTableViewCell.swift */,
			);
			path = Cells;
			sourceTree = "<group>";
		};
		1A6122A3263DC654002AC34E /* CoreData */ = {
			isa = PBXGroup;
			children = (
				1A6122A4263DC8B2002AC34E /* CoreDataController.swift */,
			);
			path = CoreData;
			sourceTree = "<group>";
		};
/* End PBXGroup section */

/* Begin PBXNativeTarget section */
		1A61223F263D86C4002AC34E /* Pokedex */ = {
			isa = PBXNativeTarget;
			buildConfigurationList = 1A61226D263D86C6002AC34E /* Build configuration list for PBXNativeTarget "Pokedex" */;
			buildPhases = (
				1A61223C263D86C4002AC34E /* Sources */,
				1A61223D263D86C4002AC34E /* Frameworks */,
				1A61223E263D86C4002AC34E /* Resources */,
			);
			buildRules = (
			);
			dependencies = (
			);
			name = Pokedex;
			productName = Pokedex;
			productReference = 1A612240263D86C4002AC34E /* Pokedex.app */;
			productType = "com.apple.product-type.application";
		};
		1A612258263D86C6002AC34E /* PokedexTests */ = {
			isa = PBXNativeTarget;
			buildConfigurationList = 1A612270263D86C6002AC34E /* Build configuration list for PBXNativeTarget "PokedexTests" */;
			buildPhases = (
				1A612255263D86C6002AC34E /* Sources */,
				1A612256263D86C6002AC34E /* Frameworks */,
				1A612257263D86C6002AC34E /* Resources */,
			);
			buildRules = (
			);
			dependencies = (
				1A61225B263D86C6002AC34E /* PBXTargetDependency */,
			);
			name = PokedexTests;
			productName = PokedexTests;
			productReference = 1A612259263D86C6002AC34E /* PokedexTests.xctest */;
			productType = "com.apple.product-type.bundle.unit-test";
		};
/* End PBXNativeTarget section */

/* Begin PBXProject section */
		1A612238263D86C4002AC34E /* Project object */ = {
			isa = PBXProject;
			attributes = {
				LastSwiftUpdateCheck = 1250;
				LastUpgradeCheck = 1250;
				TargetAttributes = {
					1A61223F263D86C4002AC34E = {
						CreatedOnToolsVersion = 12.5;
					};
					1A612258263D86C6002AC34E = {
						CreatedOnToolsVersion = 12.5;
						TestTargetID = 1A61223F263D86C4002AC34E;
					};
				};
			};
			buildConfigurationList = 1A61223B263D86C4002AC34E /* Build configuration list for PBXProject "Pokedex" */;
			compatibilityVersion = "Xcode 9.3";
			developmentRegion = en;
			hasScannedForEncodings = 0;
			knownRegions = (
				en,
				Base,
			);
			mainGroup = 1A612237263D86C4002AC34E;
			productRefGroup = 1A612241263D86C4002AC34E /* Products */;
			projectDirPath = "";
			projectRoot = "";
			targets = (
				1A61223F263D86C4002AC34E /* Pokedex */,
				1A612258263D86C6002AC34E /* PokedexTests */,
			);
		};
/* End PBXProject section */

/* Begin PBXResourcesBuildPhase section */
		1A61223E263D86C4002AC34E /* Resources */ = {
			isa = PBXResourcesBuildPhase;
			buildActionMask = 2147483647;
			files = (
				1A612253263D86C6002AC34E /* LaunchScreen.storyboard in Resources */,
				1A612250263D86C6002AC34E /* Assets.xcassets in Resources */,
			);
			runOnlyForDeploymentPostprocessing = 0;
		};
		1A612257263D86C6002AC34E /* Resources */ = {
			isa = PBXResourcesBuildPhase;
			buildActionMask = 2147483647;
			files = (
			);
			runOnlyForDeploymentPostprocessing = 0;
		};
/* End PBXResourcesBuildPhase section */

/* Begin PBXSourcesBuildPhase section */
		1A61223C263D86C4002AC34E /* Sources */ = {
			isa = PBXSourcesBuildPhase;
			buildActionMask = 2147483647;
			files = (
				1A61227F263D8874002AC34E /* PokemonDetails.swift in Sources */,
				1A612289263D891E002AC34E /* PokemonError.swift in Sources */,
				1A6122A2263DBAFA002AC34E /* PokemonDetailViewController.swift in Sources */,
				1A13E35D2641E5F900F76156 /* URL+extensions.swift in Sources */,
				1A61229E263D963B002AC34E /* PokemonTableViewCell.swift in Sources */,
				1A612288263D891E002AC34E /* PokemonService.swift in Sources */,
				1A612280263D8874002AC34E /* Pokemon.swift in Sources */,
				1A6122B5263DEFEC002AC34E /* UIAlertViewController+extensions.swift in Sources */,
				1AF679EC26474B3C00DA82A8 /* UITableViewCell+extensions.swift in Sources */,
				1A61224E263D86C4002AC34E /* Pokedex.xcdatamodeld in Sources */,
				1A612248263D86C4002AC34E /* PokemonListViewController.swift in Sources */,
				1A6122AF263DCE99002AC34E /* Log.swift in Sources */,
				1A6122B7263DF045002AC34E /* UIApplication+extensions.swift in Sources */,
				1A612244263D86C4002AC34E /* AppDelegate.swift in Sources */,
				1A6122A0263DA793002AC34E /* String+extensions.swift in Sources */,
				1A6122A5263DC8B2002AC34E /* CoreDataController.swift in Sources */,
				1AC9471D263EFD9F00CFC0AA /* InternetConnectionManager.swift in Sources */,
				1A612246263D86C4002AC34E /* SceneDelegate.swift in Sources */,
				1A612294263D8D15002AC34E /* PokemonListViewModel.swift in Sources */,
				1A6122B1263DE8BE002AC34E /* PokemonViewModel.swift in Sources */,
				1A612281263D8874002AC34E /* Pokedex.swift in Sources */,
				1A612297263D904E002AC34E /* UIView+extension.swift in Sources */,
				1A61229B263D95F7002AC34E /* UIColor+extensions.swift in Sources */,
			);
			runOnlyForDeploymentPostprocessing = 0;
		};
		1A612255263D86C6002AC34E /* Sources */ = {
			isa = PBXSourcesBuildPhase;
			buildActionMask = 2147483647;
			files = (
				1A96F12926414D0A004BDE0B /* PokemonListViewModelTests.swift in Sources */,
				1A6387E8263F617E00D9A195 /* PokemonListViewControllerTests.swift in Sources */,
				1A49959A263F522F00B9C258 /* PokemoServiceTests.swift in Sources */,
				1A0F350D263FF7BD0044D56C /* PokemonDetailViewControllerTests.swift in Sources */,
				1A6387EA263F632100D9A195 /* PokemonViewModelTests.swift in Sources */,
			);
			runOnlyForDeploymentPostprocessing = 0;
		};
/* End PBXSourcesBuildPhase section */

/* Begin PBXTargetDependency section */
		1A61225B263D86C6002AC34E /* PBXTargetDependency */ = {
			isa = PBXTargetDependency;
			target = 1A61223F263D86C4002AC34E /* Pokedex */;
			targetProxy = 1A61225A263D86C6002AC34E /* PBXContainerItemProxy */;
		};
/* End PBXTargetDependency section */

/* Begin PBXVariantGroup section */
		1A612251263D86C6002AC34E /* LaunchScreen.storyboard */ = {
			isa = PBXVariantGroup;
			children = (
				1A612252263D86C6002AC34E /* Base */,
			);
			name = LaunchScreen.storyboard;
			sourceTree = "<group>";
		};
/* End PBXVariantGroup section */

/* Begin XCBuildConfiguration section */
		1A61226B263D86C6002AC34E /* Debug */ = {
			isa = XCBuildConfiguration;
			buildSettings = {
				ALWAYS_SEARCH_USER_PATHS = NO;
				CLANG_ANALYZER_NONNULL = YES;
				CLANG_ANALYZER_NUMBER_OBJECT_CONVERSION = YES_AGGRESSIVE;
				CLANG_CXX_LANGUAGE_STANDARD = "gnu++14";
				CLANG_CXX_LIBRARY = "libc++";
				CLANG_ENABLE_MODULES = YES;
				CLANG_ENABLE_OBJC_ARC = YES;
				CLANG_ENABLE_OBJC_WEAK = YES;
				CLANG_WARN_BLOCK_CAPTURE_AUTORELEASING = YES;
				CLANG_WARN_BOOL_CONVERSION = YES;
				CLANG_WARN_COMMA = YES;
				CLANG_WARN_CONSTANT_CONVERSION = YES;
				CLANG_WARN_DEPRECATED_OBJC_IMPLEMENTATIONS = YES;
				CLANG_WARN_DIRECT_OBJC_ISA_USAGE = YES_ERROR;
				CLANG_WARN_DOCUMENTATION_COMMENTS = YES;
				CLANG_WARN_EMPTY_BODY = YES;
				CLANG_WARN_ENUM_CONVERSION = YES;
				CLANG_WARN_INFINITE_RECURSION = YES;
				CLANG_WARN_INT_CONVERSION = YES;
				CLANG_WARN_NON_LITERAL_NULL_CONVERSION = YES;
				CLANG_WARN_OBJC_IMPLICIT_RETAIN_SELF = YES;
				CLANG_WARN_OBJC_LITERAL_CONVERSION = YES;
				CLANG_WARN_OBJC_ROOT_CLASS = YES_ERROR;
				CLANG_WARN_QUOTED_INCLUDE_IN_FRAMEWORK_HEADER = YES;
				CLANG_WARN_RANGE_LOOP_ANALYSIS = YES;
				CLANG_WARN_STRICT_PROTOTYPES = YES;
				CLANG_WARN_SUSPICIOUS_MOVE = YES;
				CLANG_WARN_UNGUARDED_AVAILABILITY = YES_AGGRESSIVE;
				CLANG_WARN_UNREACHABLE_CODE = YES;
				CLANG_WARN__DUPLICATE_METHOD_MATCH = YES;
				COPY_PHASE_STRIP = NO;
				DEBUG_INFORMATION_FORMAT = dwarf;
				ENABLE_STRICT_OBJC_MSGSEND = YES;
				ENABLE_TESTABILITY = YES;
				GCC_C_LANGUAGE_STANDARD = gnu11;
				GCC_DYNAMIC_NO_PIC = NO;
				GCC_NO_COMMON_BLOCKS = YES;
				GCC_OPTIMIZATION_LEVEL = 0;
				GCC_PREPROCESSOR_DEFINITIONS = (
					"DEBUG=1",
					"$(inherited)",
				);
				GCC_WARN_64_TO_32_BIT_CONVERSION = YES;
				GCC_WARN_ABOUT_RETURN_TYPE = YES_ERROR;
				GCC_WARN_UNDECLARED_SELECTOR = YES;
				GCC_WARN_UNINITIALIZED_AUTOS = YES_AGGRESSIVE;
				GCC_WARN_UNUSED_FUNCTION = YES;
				GCC_WARN_UNUSED_VARIABLE = YES;
				IPHONEOS_DEPLOYMENT_TARGET = 11.0;
				MTL_ENABLE_DEBUG_INFO = INCLUDE_SOURCE;
				MTL_FAST_MATH = YES;
				ONLY_ACTIVE_ARCH = YES;
				SDKROOT = iphoneos;
				SWIFT_ACTIVE_COMPILATION_CONDITIONS = DEBUG;
				SWIFT_OPTIMIZATION_LEVEL = "-Onone";
			};
			name = Debug;
		};
		1A61226C263D86C6002AC34E /* Release */ = {
			isa = XCBuildConfiguration;
			buildSettings = {
				ALWAYS_SEARCH_USER_PATHS = NO;
				CLANG_ANALYZER_NONNULL = YES;
				CLANG_ANALYZER_NUMBER_OBJECT_CONVERSION = YES_AGGRESSIVE;
				CLANG_CXX_LANGUAGE_STANDARD = "gnu++14";
				CLANG_CXX_LIBRARY = "libc++";
				CLANG_ENABLE_MODULES = YES;
				CLANG_ENABLE_OBJC_ARC = YES;
				CLANG_ENABLE_OBJC_WEAK = YES;
				CLANG_WARN_BLOCK_CAPTURE_AUTORELEASING = YES;
				CLANG_WARN_BOOL_CONVERSION = YES;
				CLANG_WARN_COMMA = YES;
				CLANG_WARN_CONSTANT_CONVERSION = YES;
				CLANG_WARN_DEPRECATED_OBJC_IMPLEMENTATIONS = YES;
				CLANG_WARN_DIRECT_OBJC_ISA_USAGE = YES_ERROR;
				CLANG_WARN_DOCUMENTATION_COMMENTS = YES;
				CLANG_WARN_EMPTY_BODY = YES;
				CLANG_WARN_ENUM_CONVERSION = YES;
				CLANG_WARN_INFINITE_RECURSION = YES;
				CLANG_WARN_INT_CONVERSION = YES;
				CLANG_WARN_NON_LITERAL_NULL_CONVERSION = YES;
				CLANG_WARN_OBJC_IMPLICIT_RETAIN_SELF = YES;
				CLANG_WARN_OBJC_LITERAL_CONVERSION = YES;
				CLANG_WARN_OBJC_ROOT_CLASS = YES_ERROR;
				CLANG_WARN_QUOTED_INCLUDE_IN_FRAMEWORK_HEADER = YES;
				CLANG_WARN_RANGE_LOOP_ANALYSIS = YES;
				CLANG_WARN_STRICT_PROTOTYPES = YES;
				CLANG_WARN_SUSPICIOUS_MOVE = YES;
				CLANG_WARN_UNGUARDED_AVAILABILITY = YES_AGGRESSIVE;
				CLANG_WARN_UNREACHABLE_CODE = YES;
				CLANG_WARN__DUPLICATE_METHOD_MATCH = YES;
				COPY_PHASE_STRIP = NO;
				DEBUG_INFORMATION_FORMAT = "dwarf-with-dsym";
				ENABLE_NS_ASSERTIONS = NO;
				ENABLE_STRICT_OBJC_MSGSEND = YES;
				ENABLE_TESTABILITY = YES;
				GCC_C_LANGUAGE_STANDARD = gnu11;
				GCC_NO_COMMON_BLOCKS = YES;
				GCC_WARN_64_TO_32_BIT_CONVERSION = YES;
				GCC_WARN_ABOUT_RETURN_TYPE = YES_ERROR;
				GCC_WARN_UNDECLARED_SELECTOR = YES;
				GCC_WARN_UNINITIALIZED_AUTOS = YES_AGGRESSIVE;
				GCC_WARN_UNUSED_FUNCTION = YES;
				GCC_WARN_UNUSED_VARIABLE = YES;
				IPHONEOS_DEPLOYMENT_TARGET = 11.0;
				MTL_ENABLE_DEBUG_INFO = NO;
				MTL_FAST_MATH = YES;
				SDKROOT = iphoneos;
				SWIFT_COMPILATION_MODE = wholemodule;
				SWIFT_OPTIMIZATION_LEVEL = "-O";
				VALIDATE_PRODUCT = YES;
			};
			name = Release;
		};
		1A61226E263D86C6002AC34E /* Debug */ = {
			isa = XCBuildConfiguration;
			buildSettings = {
				ASSETCATALOG_COMPILER_APPICON_NAME = AppIcon;
				ASSETCATALOG_COMPILER_GLOBAL_ACCENT_COLOR_NAME = AccentColor;
				CODE_SIGN_STYLE = Automatic;
				DEVELOPMENT_TEAM = "";
				INFOPLIST_FILE = Pokedex/Info.plist;
				IPHONEOS_DEPLOYMENT_TARGET = 11.0;
				LD_RUNPATH_SEARCH_PATHS = (
					"$(inherited)",
					"@executable_path/Frameworks",
				);
				PRODUCT_BUNDLE_IDENTIFIER = it.pasqualevitulli.Pokedex;
				PRODUCT_NAME = "$(TARGET_NAME)";
				SWIFT_VERSION = 5.0;
				TARGETED_DEVICE_FAMILY = "1,2";
			};
			name = Debug;
		};
		1A61226F263D86C6002AC34E /* Release */ = {
			isa = XCBuildConfiguration;
			buildSettings = {
				ASSETCATALOG_COMPILER_APPICON_NAME = AppIcon;
				ASSETCATALOG_COMPILER_GLOBAL_ACCENT_COLOR_NAME = AccentColor;
				CODE_SIGN_STYLE = Automatic;
				DEVELOPMENT_TEAM = "";
				INFOPLIST_FILE = Pokedex/Info.plist;
				IPHONEOS_DEPLOYMENT_TARGET = 11.0;
				LD_RUNPATH_SEARCH_PATHS = (
					"$(inherited)",
					"@executable_path/Frameworks",
				);
				PRODUCT_BUNDLE_IDENTIFIER = it.pasqualevitulli.Pokedex;
				PRODUCT_NAME = "$(TARGET_NAME)";
				SWIFT_VERSION = 5.0;
				TARGETED_DEVICE_FAMILY = "1,2";
			};
			name = Release;
		};
		1A612271263D86C6002AC34E /* Debug */ = {
			isa = XCBuildConfiguration;
			buildSettings = {
				ALWAYS_EMBED_SWIFT_STANDARD_LIBRARIES = YES;
				BUNDLE_LOADER = "$(TEST_HOST)";
				"CODE_SIGN_IDENTITY[sdk=macosx*]" = "Apple Development";
				CODE_SIGN_STYLE = Automatic;
				DEVELOPMENT_TEAM = "";
				INFOPLIST_FILE = PokedexTests/Info.plist;
				IPHONEOS_DEPLOYMENT_TARGET = 11.0;
				LD_RUNPATH_SEARCH_PATHS = (
					"$(inherited)",
					"@executable_path/Frameworks",
					"@loader_path/Frameworks",
				);
				PRODUCT_BUNDLE_IDENTIFIER = it.pasqualevitulli.PokedexTests;
				PRODUCT_NAME = "$(TARGET_NAME)";
				SWIFT_VERSION = 5.0;
				TARGETED_DEVICE_FAMILY = "1,2";
				TEST_HOST = "$(BUILT_PRODUCTS_DIR)/Pokedex.app/Pokedex";
			};
			name = Debug;
		};
		1A612272263D86C6002AC34E /* Release */ = {
			isa = XCBuildConfiguration;
			buildSettings = {
				ALWAYS_EMBED_SWIFT_STANDARD_LIBRARIES = YES;
				BUNDLE_LOADER = "$(TEST_HOST)";
				"CODE_SIGN_IDENTITY[sdk=macosx*]" = "Apple Development";
				CODE_SIGN_STYLE = Automatic;
				DEVELOPMENT_TEAM = "";
				INFOPLIST_FILE = PokedexTests/Info.plist;
				IPHONEOS_DEPLOYMENT_TARGET = 11.0;
				LD_RUNPATH_SEARCH_PATHS = (
					"$(inherited)",
					"@executable_path/Frameworks",
					"@loader_path/Frameworks",
				);
				PRODUCT_BUNDLE_IDENTIFIER = it.pasqualevitulli.PokedexTests;
				PRODUCT_NAME = "$(TARGET_NAME)";
				SWIFT_VERSION = 5.0;
				TARGETED_DEVICE_FAMILY = "1,2";
				TEST_HOST = "$(BUILT_PRODUCTS_DIR)/Pokedex.app/Pokedex";
			};
			name = Release;
		};
/* End XCBuildConfiguration section */

/* Begin XCConfigurationList section */
		1A61223B263D86C4002AC34E /* Build configuration list for PBXProject "Pokedex" */ = {
			isa = XCConfigurationList;
			buildConfigurations = (
				1A61226B263D86C6002AC34E /* Debug */,
				1A61226C263D86C6002AC34E /* Release */,
			);
			defaultConfigurationIsVisible = 0;
			defaultConfigurationName = Release;
		};
		1A61226D263D86C6002AC34E /* Build configuration list for PBXNativeTarget "Pokedex" */ = {
			isa = XCConfigurationList;
			buildConfigurations = (
				1A61226E263D86C6002AC34E /* Debug */,
				1A61226F263D86C6002AC34E /* Release */,
			);
			defaultConfigurationIsVisible = 0;
			defaultConfigurationName = Release;
		};
		1A612270263D86C6002AC34E /* Build configuration list for PBXNativeTarget "PokedexTests" */ = {
			isa = XCConfigurationList;
			buildConfigurations = (
				1A612271263D86C6002AC34E /* Debug */,
				1A612272263D86C6002AC34E /* Release */,
			);
			defaultConfigurationIsVisible = 0;
			defaultConfigurationName = Release;
		};
/* End XCConfigurationList section */

/* Begin XCVersionGroup section */
		1A61224C263D86C4002AC34E /* Pokedex.xcdatamodeld */ = {
			isa = XCVersionGroup;
			children = (
				1A61224D263D86C4002AC34E /* Pokedex.xcdatamodel */,
			);
			currentVersion = 1A61224D263D86C4002AC34E /* Pokedex.xcdatamodel */;
			path = Pokedex.xcdatamodeld;
			sourceTree = "<group>";
			versionGroupType = wrapper.xcdatamodel;
		};
/* End XCVersionGroup section */
	};
	rootObject = 1A612238263D86C4002AC34E /* Project object */;
}
